// !$*UTF8*$!
{
	archiveVersion = 1;
	classes = {
	};
	objectVersion = 46;
	objects = {

/* Begin PBXBuildFile section */
		0C34C7711AAA8184001F1A8B /* AppDelegate.swift in Sources */ = {isa = PBXBuildFile; fileRef = 0C34C7701AAA8184001F1A8B /* AppDelegate.swift */; };
		0C34C7731AAA8184001F1A8B /* art.scnassets in Resources */ = {isa = PBXBuildFile; fileRef = 0C34C7721AAA8184001F1A8B /* art.scnassets */; };
		0C34C7751AAA8184001F1A8B /* GameViewController.swift in Sources */ = {isa = PBXBuildFile; fileRef = 0C34C7741AAA8184001F1A8B /* GameViewController.swift */; };
		0C34C7781AAA8184001F1A8B /* Main.storyboard in Resources */ = {isa = PBXBuildFile; fileRef = 0C34C7761AAA8184001F1A8B /* Main.storyboard */; };
		0C34C77A1AAA8184001F1A8B /* Images.xcassets in Resources */ = {isa = PBXBuildFile; fileRef = 0C34C7791AAA8184001F1A8B /* Images.xcassets */; };
		0C34C77D1AAA8184001F1A8B /* LaunchScreen.xib in Resources */ = {isa = PBXBuildFile; fileRef = 0C34C77B1AAA8184001F1A8B /* LaunchScreen.xib */; };
		0C34C7891AAA8185001F1A8B /* scenedemoTests.swift in Sources */ = {isa = PBXBuildFile; fileRef = 0C34C7881AAA8185001F1A8B /* scenedemoTests.swift */; };
/* End PBXBuildFile section */

/* Begin PBXContainerItemProxy section */
		0C34C7831AAA8185001F1A8B /* PBXContainerItemProxy */ = {
			isa = PBXContainerItemProxy;
			containerPortal = 0C34C7631AAA8184001F1A8B /* Project object */;
			proxyType = 1;
			remoteGlobalIDString = 0C34C76A1AAA8184001F1A8B;
			remoteInfo = scenedemo;
		};
/* End PBXContainerItemProxy section */

/* Begin PBXFileReference section */
		0C34C76B1AAA8184001F1A8B /* scenedemo.app */ = {isa = PBXFileReference; explicitFileType = wrapper.application; includeInIndex = 0; path = scenedemo.app; sourceTree = BUILT_PRODUCTS_DIR; };
		0C34C76F1AAA8184001F1A8B /* Info.plist */ = {isa = PBXFileReference; lastKnownFileType = text.plist.xml; path = Info.plist; sourceTree = "<group>"; };
		0C34C7701AAA8184001F1A8B /* AppDelegate.swift */ = {isa = PBXFileReference; lastKnownFileType = sourcecode.swift; path = AppDelegate.swift; sourceTree = "<group>"; };
		0C34C7721AAA8184001F1A8B /* art.scnassets */ = {isa = PBXFileReference; lastKnownFileType = wrapper.scnassets; path = art.scnassets; sourceTree = "<group>"; };
		0C34C7741AAA8184001F1A8B /* GameViewController.swift */ = {isa = PBXFileReference; lastKnownFileType = sourcecode.swift; path = GameViewController.swift; sourceTree = "<group>"; };
		0C34C7771AAA8184001F1A8B /* Base */ = {isa = PBXFileReference; lastKnownFileType = file.storyboard; name = Base; path = Base.lproj/Main.storyboard; sourceTree = "<group>"; };
		0C34C7791AAA8184001F1A8B /* Images.xcassets */ = {isa = PBXFileReference; lastKnownFileType = folder.assetcatalog; path = Images.xcassets; sourceTree = "<group>"; };
		0C34C77C1AAA8184001F1A8B /* Base */ = {isa = PBXFileReference; lastKnownFileType = file.xib; name = Base; path = Base.lproj/LaunchScreen.xib; sourceTree = "<group>"; };
		0C34C7821AAA8185001F1A8B /* scenedemoTests.xctest */ = {isa = PBXFileReference; explicitFileType = wrapper.cfbundle; includeInIndex = 0; path = scenedemoTests.xctest; sourceTree = BUILT_PRODUCTS_DIR; };
		0C34C7871AAA8185001F1A8B /* Info.plist */ = {isa = PBXFileReference; lastKnownFileType = text.plist.xml; path = Info.plist; sourceTree = "<group>"; };
		0C34C7881AAA8185001F1A8B /* scenedemoTests.swift */ = {isa = PBXFileReference; lastKnownFileType = sourcecode.swift; path = scenedemoTests.swift; sourceTree = "<group>"; };
/* End PBXFileReference section */

/* Begin PBXFrameworksBuildPhase section */
		0C34C7681AAA8184001F1A8B /* Frameworks */ = {
			isa = PBXFrameworksBuildPhase;
			buildActionMask = 2147483647;
			files = (
			);
			runOnlyForDeploymentPostprocessing = 0;
		};
		0C34C77F1AAA8185001F1A8B /* Frameworks */ = {
			isa = PBXFrameworksBuildPhase;
			buildActionMask = 2147483647;
			files = (
			);
			runOnlyForDeploymentPostprocessing = 0;
		};
/* End PBXFrameworksBuildPhase section */

/* Begin PBXGroup section */
		0C34C7621AAA8184001F1A8B = {
			isa = PBXGroup;
			children = (
				0C34C76D1AAA8184001F1A8B /* scenedemo */,
				0C34C7851AAA8185001F1A8B /* scenedemoTests */,
				0C34C76C1AAA8184001F1A8B /* Products */,
			);
			sourceTree = "<group>";
		};
		0C34C76C1AAA8184001F1A8B /* Products */ = {
			isa = PBXGroup;
			children = (
				0C34C76B1AAA8184001F1A8B /* scenedemo.app */,
				0C34C7821AAA8185001F1A8B /* scenedemoTests.xctest */,
			);
			name = Products;
			sourceTree = "<group>";
		};
		0C34C76D1AAA8184001F1A8B /* scenedemo */ = {
			isa = PBXGroup;
			children = (
				0C34C7701AAA8184001F1A8B /* AppDelegate.swift */,
				0C34C7721AAA8184001F1A8B /* art.scnassets */,
				0C34C7741AAA8184001F1A8B /* GameViewController.swift */,
				0C34C7761AAA8184001F1A8B /* Main.storyboard */,
				0C34C7791AAA8184001F1A8B /* Images.xcassets */,
				0C34C77B1AAA8184001F1A8B /* LaunchScreen.xib */,
				0C34C76E1AAA8184001F1A8B /* Supporting Files */,
			);
			path = scenedemo;
			sourceTree = "<group>";
		};
		0C34C76E1AAA8184001F1A8B /* Supporting Files */ = {
			isa = PBXGroup;
			children = (
				0C34C76F1AAA8184001F1A8B /* Info.plist */,
			);
			name = "Supporting Files";
			sourceTree = "<group>";
		};
		0C34C7851AAA8185001F1A8B /* scenedemoTests */ = {
			isa = PBXGroup;
			children = (
				0C34C7881AAA8185001F1A8B /* scenedemoTests.swift */,
				0C34C7861AAA8185001F1A8B /* Supporting Files */,
			);
			path = scenedemoTests;
			sourceTree = "<group>";
		};
		0C34C7861AAA8185001F1A8B /* Supporting Files */ = {
			isa = PBXGroup;
			children = (
				0C34C7871AAA8185001F1A8B /* Info.plist */,
			);
			name = "Supporting Files";
			sourceTree = "<group>";
		};
/* End PBXGroup section */

/* Begin PBXNativeTarget section */
		0C34C76A1AAA8184001F1A8B /* scenedemo */ = {
			isa = PBXNativeTarget;
			buildConfigurationList = 0C34C78C1AAA8185001F1A8B /* Build configuration list for PBXNativeTarget "scenedemo" */;
			buildPhases = (
				0C34C7671AAA8184001F1A8B /* Sources */,
				0C34C7681AAA8184001F1A8B /* Frameworks */,
				0C34C7691AAA8184001F1A8B /* Resources */,
			);
			buildRules = (
			);
			dependencies = (
			);
			name = scenedemo;
			productName = scenedemo;
			productReference = 0C34C76B1AAA8184001F1A8B /* scenedemo.app */;
			productType = "com.apple.product-type.application";
		};
		0C34C7811AAA8185001F1A8B /* scenedemoTests */ = {
			isa = PBXNativeTarget;
			buildConfigurationList = 0C34C78F1AAA8185001F1A8B /* Build configuration list for PBXNativeTarget "scenedemoTests" */;
			buildPhases = (
				0C34C77E1AAA8185001F1A8B /* Sources */,
				0C34C77F1AAA8185001F1A8B /* Frameworks */,
				0C34C7801AAA8185001F1A8B /* Resources */,
			);
			buildRules = (
			);
			dependencies = (
				0C34C7841AAA8185001F1A8B /* PBXTargetDependency */,
			);
			name = scenedemoTests;
			productName = scenedemoTests;
			productReference = 0C34C7821AAA8185001F1A8B /* scenedemoTests.xctest */;
			productType = "com.apple.product-type.bundle.unit-test";
		};
/* End PBXNativeTarget section */

/* Begin PBXProject section */
		0C34C7631AAA8184001F1A8B /* Project object */ = {
			isa = PBXProject;
			attributes = {
				LastUpgradeCheck = 0630;
				ORGANIZATIONNAME = "iAchieved.it, LLC";
				TargetAttributes = {
					0C34C76A1AAA8184001F1A8B = {
						CreatedOnToolsVersion = 6.3;
					};
					0C34C7811AAA8185001F1A8B = {
						CreatedOnToolsVersion = 6.3;
						TestTargetID = 0C34C76A1AAA8184001F1A8B;
					};
				};
			};
			buildConfigurationList = 0C34C7661AAA8184001F1A8B /* Build configuration list for PBXProject "scenedemo" */;
			compatibilityVersion = "Xcode 3.2";
			developmentRegion = English;
			hasScannedForEncodings = 0;
			knownRegions = (
				en,
				Base,
			);
			mainGroup = 0C34C7621AAA8184001F1A8B;
			productRefGroup = 0C34C76C1AAA8184001F1A8B /* Products */;
			projectDirPath = "";
			projectRoot = "";
			targets = (
				0C34C76A1AAA8184001F1A8B /* scenedemo */,
				0C34C7811AAA8185001F1A8B /* scenedemoTests */,
			);
		};
/* End PBXProject section */

/* Begin PBXResourcesBuildPhase section */
		0C34C7691AAA8184001F1A8B /* Resources */ = {
			isa = PBXResourcesBuildPhase;
			buildActionMask = 2147483647;
			files = (
				0C34C77D1AAA8184001F1A8B /* LaunchScreen.xib in Resources */,
				0C34C77A1AAA8184001F1A8B /* Images.xcassets in Resources */,
				0C34C7731AAA8184001F1A8B /* art.scnassets in Resources */,
				0C34C7781AAA8184001F1A8B /* Main.storyboard in Resources */,
			);
			runOnlyForDeploymentPostprocessing = 0;
		};
		0C34C7801AAA8185001F1A8B /* Resources */ = {
			isa = PBXResourcesBuildPhase;
			buildActionMask = 2147483647;
			files = (
			);
			runOnlyForDeploymentPostprocessing = 0;
		};
/* End PBXResourcesBuildPhase section */

/* Begin PBXSourcesBuildPhase section */
		0C34C7671AAA8184001F1A8B /* Sources */ = {
			isa = PBXSourcesBuildPhase;
			buildActionMask = 2147483647;
			files = (
				0C34C7751AAA8184001F1A8B /* GameViewController.swift in Sources */,
				0C34C7711AAA8184001F1A8B /* AppDelegate.swift in Sources */,
			);
			runOnlyForDeploymentPostprocessing = 0;
		};
		0C34C77E1AAA8185001F1A8B /* Sources */ = {
			isa = PBXSourcesBuildPhase;
			buildActionMask = 2147483647;
			files = (
				0C34C7891AAA8185001F1A8B /* scenedemoTests.swift in Sources */,
			);
			runOnlyForDeploymentPostprocessing = 0;
		};
/* End PBXSourcesBuildPhase section */

/* Begin PBXTargetDependency section */
		0C34C7841AAA8185001F1A8B /* PBXTargetDependency */ = {
			isa = PBXTargetDependency;
			target = 0C34C76A1AAA8184001F1A8B /* scenedemo */;
			targetProxy = 0C34C7831AAA8185001F1A8B /* PBXContainerItemProxy */;
		};
/* End PBXTargetDependency section */

/* Begin PBXVariantGroup section */
		0C34C7761AAA8184001F1A8B /* Main.storyboard */ = {
			isa = PBXVariantGroup;
			children = (
				0C34C7771AAA8184001F1A8B /* Base */,
			);
			name = Main.storyboard;
			sourceTree = "<group>";
		};
		0C34C77B1AAA8184001F1A8B /* LaunchScreen.xib */ = {
			isa = PBXVariantGroup;
			children = (
				0C34C77C1AAA8184001F1A8B /* Base */,
			);
			name = LaunchScreen.xib;
			sourceTree = "<group>";
		};
/* End PBXVariantGroup section */

/* Begin XCBuildConfiguration section */
		0C34C78A1AAA8185001F1A8B /* Debug */ = {
			isa = XCBuildConfiguration;
			buildSettings = {
				ALWAYS_SEARCH_USER_PATHS = NO;
				CLANG_CXX_LANGUAGE_STANDARD = "gnu++0x";
				CLANG_CXX_LIBRARY = "libc++";
				CLANG_ENABLE_MODULES = YES;
				CLANG_ENABLE_OBJC_ARC = YES;
				CLANG_WARN_BOOL_CONVERSION = YES;
				CLANG_WARN_CONSTANT_CONVERSION = YES;
				CLANG_WARN_DIRECT_OBJC_ISA_USAGE = YES_ERROR;
				CLANG_WARN_EMPTY_BODY = YES;
				CLANG_WARN_ENUM_CONVERSION = YES;
				CLANG_WARN_INT_CONVERSION = YES;
				CLANG_WARN_OBJC_ROOT_CLASS = YES_ERROR;
				CLANG_WARN_UNREACHABLE_CODE = YES;
				CLANG_WARN__DUPLICATE_METHOD_MATCH = YES;
				"CODE_SIGN_IDENTITY[sdk=iphoneos*]" = "iPhone Developer";
				COPY_PHASE_STRIP = NO;
				DEBUG_INFORMATION_FORMAT = dwarf;
				ENABLE_STRICT_OBJC_MSGSEND = YES;
				GCC_C_LANGUAGE_STANDARD = gnu99;
				GCC_DYNAMIC_NO_PIC = NO;
				GCC_OPTIMIZATION_LEVEL = 0;
				GCC_PREPROCESSOR_DEFINITIONS = (
					"DEBUG=1",
					"$(inherited)",
				);
				GCC_SYMBOLS_PRIVATE_EXTERN = NO;
				GCC_WARN_64_TO_32_BIT_CONVERSION = YES;
				GCC_WARN_ABOUT_RETURN_TYPE = YES_ERROR;
				GCC_WARN_UNDECLARED_SELECTOR = YES;
				GCC_WARN_UNINITIALIZED_AUTOS = YES_AGGRESSIVE;
				GCC_WARN_UNUSED_FUNCTION = YES;
				GCC_WARN_UNUSED_VARIABLE = YES;
				IPHONEOS_DEPLOYMENT_TARGET = 8.3;
				MTL_ENABLE_DEBUG_INFO = YES;
				ONLY_ACTIVE_ARCH = YES;
				SDKROOT = iphoneos;
				SWIFT_OPTIMIZATION_LEVEL = "-Onone";
				TARGETED_DEVICE_FAMILY = 2;
			};
			name = Debug;
		};
		0C34C78B1AAA8185001F1A8B /* Release */ = {
			isa = XCBuildConfiguration;
			buildSettings = {
				ALWAYS_SEARCH_USER_PATHS = NO;
				CLANG_CXX_LANGUAGE_STANDARD = "gnu++0x";
				CLANG_CXX_LIBRARY = "libc++";
				CLANG_ENABLE_MODULES = YES;
				CLANG_ENABLE_OBJC_ARC = YES;
				CLANG_WARN_BOOL_CONVERSION = YES;
				CLANG_WARN_CONSTANT_CONVERSION = YES;
				CLANG_WARN_DIRECT_OBJC_ISA_USAGE = YES_ERROR;
				CLANG_WARN_EMPTY_BODY = YES;
				CLANG_WARN_ENUM_CONVERSION = YES;
				CLANG_WARN_INT_CONVERSION = YES;
				CLANG_WARN_OBJC_ROOT_CLASS = YES_ERROR;
				CLANG_WARN_UNREACHABLE_CODE = YES;
				CLANG_WARN__DUPLICATE_METHOD_MATCH = YES;
				"CODE_SIGN_IDENTITY[sdk=iphoneos*]" = "iPhone Developer";
				COPY_PHASE_STRIP = NO;
				DEBUG_INFORMATION_FORMAT = "dwarf-with-dsym";
				ENABLE_NS_ASSERTIONS = NO;
				ENABLE_STRICT_OBJC_MSGSEND = YES;
				GCC_C_LANGUAGE_STANDARD = gnu99;
				GCC_WARN_64_TO_32_BIT_CONVERSION = YES;
				GCC_WARN_ABOUT_RETURN_TYPE = YES_ERROR;
				GCC_WARN_UNDECLARED_SELECTOR = YES;
				GCC_WARN_UNINITIALIZED_AUTOS = YES_AGGRESSIVE;
				GCC_WARN_UNUSED_FUNCTION = YES;
				GCC_WARN_UNUSED_VARIABLE = YES;
				IPHONEOS_DEPLOYMENT_TARGET = 8.3;
				MTL_ENABLE_DEBUG_INFO = NO;
				SDKROOT = iphoneos;
				TARGETED_DEVICE_FAMILY = 2;
				VALIDATE_PRODUCT = YES;
			};
			name = Release;
		};
		0C34C78D1AAA8185001F1A8B /* Debug */ = {
			isa = XCBuildConfiguration;
			buildSettings = {
				ASSETCATALOG_COMPILER_APPICON_NAME = AppIcon;
				INFOPLIST_FILE = scenedemo/Info.plist;
				LD_RUNPATH_SEARCH_PATHS = "$(inherited) @executable_path/Frameworks";
				PRODUCT_NAME = "$(TARGET_NAME)";
			};
			name = Debug;
		};
		0C34C78E1AAA8185001F1A8B /* Release */ = {
			isa = XCBuildConfiguration;
			buildSettings = {
				ASSETCATALOG_COMPILER_APPICON_NAME = AppIcon;
				INFOPLIST_FILE = scenedemo/Info.plist;
				LD_RUNPATH_SEARCH_PATHS = "$(inherited) @executable_path/Frameworks";
				PRODUCT_NAME = "$(TARGET_NAME)";
			};
			name = Release;
		};
		0C34C7901AAA8185001F1A8B /* Debug */ = {
			isa = XCBuildConfiguration;
			buildSettings = {
				BUNDLE_LOADER = "$(TEST_HOST)";
				FRAMEWORK_SEARCH_PATHS = (
					"$(SDKROOT)/Developer/Library/Frameworks",
					"$(inherited)",
				);
				GCC_PREPROCESSOR_DEFINITIONS = (
					"DEBUG=1",
					"$(inherited)",
				);
				INFOPLIST_FILE = scenedemoTests/Info.plist;
				LD_RUNPATH_SEARCH_PATHS = "$(inherited) @executable_path/Frameworks @loader_path/Frameworks";
				PRODUCT_NAME = "$(TARGET_NAME)";
				TEST_HOST = "$(BUILT_PRODUCTS_DIR)/scenedemo.app/scenedemo";
			};
			name = Debug;
		};
		0C34C7911AAA8185001F1A8B /* Release */ = {
			isa = XCBuildConfiguration;
			buildSettings = {
				BUNDLE_LOADER = "$(TEST_HOST)";
				FRAMEWORK_SEARCH_PATHS = (
					"$(SDKROOT)/Developer/Library/Frameworks",
					"$(inherited)",
				);
				INFOPLIST_FILE = scenedemoTests/Info.plist;
				LD_RUNPATH_SEARCH_PATHS = "$(inherited) @executable_path/Frameworks @loader_path/Frameworks";
				PRODUCT_NAME = "$(TARGET_NAME)";
				TEST_HOST = "$(BUILT_PRODUCTS_DIR)/scenedemo.app/scenedemo";
			};
			name = Release;
		};
/* End XCBuildConfiguration section */

/* Begin XCConfigurationList section */
		0C34C7661AAA8184001F1A8B /* Build configuration list for PBXProject "scenedemo" */ = {
			isa = XCConfigurationList;
			buildConfigurations = (
				0C34C78A1AAA8185001F1A8B /* Debug */,
				0C34C78B1AAA8185001F1A8B /* Release */,
			);
			defaultConfigurationIsVisible = 0;
			defaultConfigurationName = Release;
		};
		0C34C78C1AAA8185001F1A8B /* Build configuration list for PBXNativeTarget "scenedemo" */ = {
			isa = XCConfigurationList;
			buildConfigurations = (
				0C34C78D1AAA8185001F1A8B /* Debug */,
				0C34C78E1AAA8185001F1A8B /* Release */,
			);
			defaultConfigurationIsVisible = 0;
			defaultConfigurationName = Release;
		};
		0C34C78F1AAA8185001F1A8B /* Build configuration list for PBXNativeTarget "scenedemoTests" */ = {
			isa = XCConfigurationList;
			buildConfigurations = (
				0C34C7901AAA8185001F1A8B /* Debug */,
				0C34C7911AAA8185001F1A8B /* Release */,
			);
			defaultConfigurationIsVisible = 0;
			defaultConfigurationName = Release;
		};
/* End XCConfigurationList section */
	};
	rootObject = 0C34C7631AAA8184001F1A8B /* Project object */;
}
